// !$*UTF8*$!
{
	archiveVersion = 1;
	classes = {
	};
	objectVersion = 46;
	objects = {

/* Begin PBXBuildFile section */
		2761DE77835115F895C146C2 /* Pods.framework in Frameworks */ = {isa = PBXBuildFile; fileRef = 135D8015B244BB1345335EE3 /* Pods.framework */; settings = {ATTRIBUTES = (Weak, ); }; };
		D52AA4471BCE955E00EFEFAC /* AppDelegate.swift in Sources */ = {isa = PBXBuildFile; fileRef = D52AA4461BCE955E00EFEFAC /* AppDelegate.swift */; };
		D52AA44C1BCE955E00EFEFAC /* Main.storyboard in Resources */ = {isa = PBXBuildFile; fileRef = D52AA44A1BCE955E00EFEFAC /* Main.storyboard */; };
		D52AA44E1BCE955E00EFEFAC /* Assets.xcassets in Resources */ = {isa = PBXBuildFile; fileRef = D52AA44D1BCE955E00EFEFAC /* Assets.xcassets */; };
		D52AA4511BCE955F00EFEFAC /* LaunchScreen.storyboard in Resources */ = {isa = PBXBuildFile; fileRef = D52AA44F1BCE955F00EFEFAC /* LaunchScreen.storyboard */; };
		D52AA45A1BCE95B000EFEFAC /* Content.swift in Sources */ = {isa = PBXBuildFile; fileRef = D52AA4581BCE95B000EFEFAC /* Content.swift */; settings = {ASSET_TAGS = (); }; };
		D52AA45B1BCE95B000EFEFAC /* Parser.swift in Sources */ = {isa = PBXBuildFile; fileRef = D52AA4591BCE95B000EFEFAC /* Parser.swift */; settings = {ASSET_TAGS = (); }; };
		D52AA45F1BCE95FA00EFEFAC /* Entity.swift in Sources */ = {isa = PBXBuildFile; fileRef = D52AA45E1BCE95FA00EFEFAC /* Entity.swift */; settings = {ASSET_TAGS = (); }; };
		D52AA4611BCE96B100EFEFAC /* City.swift in Sources */ = {isa = PBXBuildFile; fileRef = D52AA4601BCE96B100EFEFAC /* City.swift */; settings = {ASSET_TAGS = (); }; };
		D57D62A01BCE9A5600E4290C /* HomeViewController.swift in Sources */ = {isa = PBXBuildFile; fileRef = D57D629F1BCE9A5600E4290C /* HomeViewController.swift */; settings = {ASSET_TAGS = (); }; };
		D57D62A41BCE9E8600E4290C /* DetailsViewController.swift in Sources */ = {isa = PBXBuildFile; fileRef = D57D62A31BCE9E8600E4290C /* DetailsViewController.swift */; settings = {ASSET_TAGS = (); }; };
/* End PBXBuildFile section */

/* Begin PBXFileReference section */
		135D8015B244BB1345335EE3 /* Pods.framework */ = {isa = PBXFileReference; explicitFileType = wrapper.framework; includeInIndex = 0; path = Pods.framework; sourceTree = BUILT_PRODUCTS_DIR; };
		C3138C61758C6AF61BBA637E /* Pods.debug.xcconfig */ = {isa = PBXFileReference; includeInIndex = 1; lastKnownFileType = text.xcconfig; name = Pods.debug.xcconfig; path = "Pods/Target Support Files/Pods/Pods.debug.xcconfig"; sourceTree = "<group>"; };
		D52AA4431BCE955E00EFEFAC /* Third.app */ = {isa = PBXFileReference; explicitFileType = wrapper.application; includeInIndex = 0; path = Third.app; sourceTree = BUILT_PRODUCTS_DIR; };
		D52AA4461BCE955E00EFEFAC /* AppDelegate.swift */ = {isa = PBXFileReference; lastKnownFileType = sourcecode.swift; path = AppDelegate.swift; sourceTree = "<group>"; };
		D52AA44B1BCE955E00EFEFAC /* Base */ = {isa = PBXFileReference; lastKnownFileType = file.storyboard; name = Base; path = Base.lproj/Main.storyboard; sourceTree = "<group>"; };
		D52AA44D1BCE955E00EFEFAC /* Assets.xcassets */ = {isa = PBXFileReference; lastKnownFileType = folder.assetcatalog; path = Assets.xcassets; sourceTree = "<group>"; };
		D52AA4501BCE955F00EFEFAC /* Base */ = {isa = PBXFileReference; lastKnownFileType = file.storyboard; name = Base; path = Base.lproj/LaunchScreen.storyboard; sourceTree = "<group>"; };
		D52AA4521BCE955F00EFEFAC /* Info.plist */ = {isa = PBXFileReference; lastKnownFileType = text.plist.xml; path = Info.plist; sourceTree = "<group>"; };
		D52AA4581BCE95B000EFEFAC /* Content.swift */ = {isa = PBXFileReference; fileEncoding = 4; lastKnownFileType = sourcecode.swift; path = Content.swift; sourceTree = "<group>"; };
		D52AA4591BCE95B000EFEFAC /* Parser.swift */ = {isa = PBXFileReference; fileEncoding = 4; lastKnownFileType = sourcecode.swift; path = Parser.swift; sourceTree = "<group>"; };
		D52AA45E1BCE95FA00EFEFAC /* Entity.swift */ = {isa = PBXFileReference; fileEncoding = 4; lastKnownFileType = sourcecode.swift; path = Entity.swift; sourceTree = "<group>"; };
		D52AA4601BCE96B100EFEFAC /* City.swift */ = {isa = PBXFileReference; fileEncoding = 4; lastKnownFileType = sourcecode.swift; path = City.swift; sourceTree = "<group>"; };
		D57D629F1BCE9A5600E4290C /* HomeViewController.swift */ = {isa = PBXFileReference; fileEncoding = 4; lastKnownFileType = sourcecode.swift; path = HomeViewController.swift; sourceTree = "<group>"; };
		D57D62A31BCE9E8600E4290C /* DetailsViewController.swift */ = {isa = PBXFileReference; fileEncoding = 4; lastKnownFileType = sourcecode.swift; path = DetailsViewController.swift; sourceTree = "<group>"; };
		F09769C0328BE29711BC31D0 /* Pods.release.xcconfig */ = {isa = PBXFileReference; includeInIndex = 1; lastKnownFileType = text.xcconfig; name = Pods.release.xcconfig; path = "Pods/Target Support Files/Pods/Pods.release.xcconfig"; sourceTree = "<group>"; };
/* End PBXFileReference section */

/* Begin PBXFrameworksBuildPhase section */
		D52AA4401BCE955E00EFEFAC /* Frameworks */ = {
			isa = PBXFrameworksBuildPhase;
			buildActionMask = 2147483647;
			files = (
				2761DE77835115F895C146C2 /* Pods.framework in Frameworks */,
			);
			runOnlyForDeploymentPostprocessing = 0;
		};
/* End PBXFrameworksBuildPhase section */

/* Begin PBXGroup section */
		4FE0C6D9DD5873F3827B13F8 /* Frameworks */ = {
			isa = PBXGroup;
			children = (
				135D8015B244BB1345335EE3 /* Pods.framework */,
			);
			name = Frameworks;
			sourceTree = "<group>";
		};
		A8A7A63ECAE09B3E77949FDA /* Pods */ = {
			isa = PBXGroup;
			children = (
				C3138C61758C6AF61BBA637E /* Pods.debug.xcconfig */,
				F09769C0328BE29711BC31D0 /* Pods.release.xcconfig */,
			);
			name = Pods;
			sourceTree = "<group>";
		};
		D52AA43A1BCE955E00EFEFAC = {
			isa = PBXGroup;
			children = (
				D52AA4451BCE955E00EFEFAC /* Third */,
				D52AA4441BCE955E00EFEFAC /* Products */,
				A8A7A63ECAE09B3E77949FDA /* Pods */,
				4FE0C6D9DD5873F3827B13F8 /* Frameworks */,
			);
			sourceTree = "<group>";
		};
		D52AA4441BCE955E00EFEFAC /* Products */ = {
			isa = PBXGroup;
			children = (
				D52AA4431BCE955E00EFEFAC /* Third.app */,
			);
			name = Products;
			sourceTree = "<group>";
		};
		D52AA4451BCE955E00EFEFAC /* Third */ = {
			isa = PBXGroup;
			children = (
				D52AA4461BCE955E00EFEFAC /* AppDelegate.swift */,
				D52AA44A1BCE955E00EFEFAC /* Main.storyboard */,
				D52AA44D1BCE955E00EFEFAC /* Assets.xcassets */,
				D52AA44F1BCE955F00EFEFAC /* LaunchScreen.storyboard */,
				D52AA4521BCE955F00EFEFAC /* Info.plist */,
				D57D62A21BCE9BFF00E4290C /* Helpers */,
				D57D629F1BCE9A5600E4290C /* HomeViewController.swift */,
				D57D62A31BCE9E8600E4290C /* DetailsViewController.swift */,
				D57D62A11BCE9BEF00E4290C /* Model */,
			);
			path = Third;
			sourceTree = "<group>";
		};
		D57D62A11BCE9BEF00E4290C /* Model */ = {
			isa = PBXGroup;
			children = (
				D52AA4601BCE96B100EFEFAC /* City.swift */,
			);
			name = Model;
			sourceTree = "<group>";
		};
		D57D62A21BCE9BFF00E4290C /* Helpers */ = {
			isa = PBXGroup;
			children = (
				D52AA45E1BCE95FA00EFEFAC /* Entity.swift */,
				D52AA4581BCE95B000EFEFAC /* Content.swift */,
				D52AA4591BCE95B000EFEFAC /* Parser.swift */,
			);
			name = Helpers;
			sourceTree = "<group>";
		};
/* End PBXGroup section */

/* Begin PBXNativeTarget section */
		D52AA4421BCE955E00EFEFAC /* Third */ = {
			isa = PBXNativeTarget;
			buildConfigurationList = D52AA4551BCE955F00EFEFAC /* Build configuration list for PBXNativeTarget "Third" */;
			buildPhases = (
				48B1E218FF627CE592F0AFE0 /* Check Pods Manifest.lock */,
				D52AA43F1BCE955E00EFEFAC /* Sources */,
				D52AA4401BCE955E00EFEFAC /* Frameworks */,
				D52AA4411BCE955E00EFEFAC /* Resources */,
				DB69BAE271B2CE755310A2DA /* Embed Pods Frameworks */,
				A5642A7C8EABE23D204AD79F /* Copy Pods Resources */,
			);
			buildRules = (
			);
			dependencies = (
			);
			name = Third;
			productName = Third;
			productReference = D52AA4431BCE955E00EFEFAC /* Third.app */;
			productType = "com.apple.product-type.application";
		};
/* End PBXNativeTarget section */

/* Begin PBXProject section */
		D52AA43B1BCE955E00EFEFAC /* Project object */ = {
			isa = PBXProject;
			attributes = {
				LastUpgradeCheck = 0700;
				ORGANIZATIONNAME = "Dmitriy Roytman";
				TargetAttributes = {
					D52AA4421BCE955E00EFEFAC = {
						CreatedOnToolsVersion = 7.0.1;
					};
				};
			};
			buildConfigurationList = D52AA43E1BCE955E00EFEFAC /* Build configuration list for PBXProject "Third" */;
			compatibilityVersion = "Xcode 3.2";
			developmentRegion = English;
			hasScannedForEncodings = 0;
			knownRegions = (
				en,
				Base,
			);
			mainGroup = D52AA43A1BCE955E00EFEFAC;
			productRefGroup = D52AA4441BCE955E00EFEFAC /* Products */;
			projectDirPath = "";
			projectRoot = "";
			targets = (
				D52AA4421BCE955E00EFEFAC /* Third */,
			);
		};
/* End PBXProject section */

/* Begin PBXResourcesBuildPhase section */
		D52AA4411BCE955E00EFEFAC /* Resources */ = {
			isa = PBXResourcesBuildPhase;
			buildActionMask = 2147483647;
			files = (
				D52AA4511BCE955F00EFEFAC /* LaunchScreen.storyboard in Resources */,
				D52AA44E1BCE955E00EFEFAC /* Assets.xcassets in Resources */,
				D52AA44C1BCE955E00EFEFAC /* Main.storyboard in Resources */,
			);
			runOnlyForDeploymentPostprocessing = 0;
		};
/* End PBXResourcesBuildPhase section */

/* Begin PBXShellScriptBuildPhase section */
		48B1E218FF627CE592F0AFE0 /* Check Pods Manifest.lock */ = {
			isa = PBXShellScriptBuildPhase;
			buildActionMask = 2147483647;
			files = (
			);
			inputPaths = (
			);
			name = "Check Pods Manifest.lock";
			outputPaths = (
			);
			runOnlyForDeploymentPostprocessing = 0;
			shellPath = /bin/sh;
			shellScript = "diff \"${PODS_ROOT}/../Podfile.lock\" \"${PODS_ROOT}/Manifest.lock\" > /dev/null\nif [[ $? != 0 ]] ; then\n    cat << EOM\nerror: The sandbox is not in sync with the Podfile.lock. Run 'pod install' or update your CocoaPods installation.\nEOM\n    exit 1\nfi\n";
			showEnvVarsInLog = 0;
		};
		A5642A7C8EABE23D204AD79F /* Copy Pods Resources */ = {
			isa = PBXShellScriptBuildPhase;
			buildActionMask = 2147483647;
			files = (
			);
			inputPaths = (
			);
			name = "Copy Pods Resources";
			outputPaths = (
			);
			runOnlyForDeploymentPostprocessing = 0;
			shellPath = /bin/sh;
			shellScript = "\"${SRCROOT}/Pods/Target Support Files/Pods/Pods-resources.sh\"\n";
			showEnvVarsInLog = 0;
		};
		DB69BAE271B2CE755310A2DA /* Embed Pods Frameworks */ = {
			isa = PBXShellScriptBuildPhase;
			buildActionMask = 2147483647;
			files = (
			);
			inputPaths = (
			);
			name = "Embed Pods Frameworks";
			outputPaths = (
			);
			runOnlyForDeploymentPostprocessing = 0;
			shellPath = /bin/sh;
			shellScript = "\"${SRCROOT}/Pods/Target Support Files/Pods/Pods-frameworks.sh\"\n";
			showEnvVarsInLog = 0;
		};
/* End PBXShellScriptBuildPhase section */

/* Begin PBXSourcesBuildPhase section */
		D52AA43F1BCE955E00EFEFAC /* Sources */ = {
			isa = PBXSourcesBuildPhase;
			buildActionMask = 2147483647;
			files = (
				D52AA45B1BCE95B000EFEFAC /* Parser.swift in Sources */,
				D52AA45F1BCE95FA00EFEFAC /* Entity.swift in Sources */,
				D52AA4611BCE96B100EFEFAC /* City.swift in Sources */,
				D52AA4471BCE955E00EFEFAC /* AppDelegate.swift in Sources */,
				D57D62A41BCE9E8600E4290C /* DetailsViewController.swift in Sources */,
				D57D62A01BCE9A5600E4290C /* HomeViewController.swift in Sources */,
				D52AA45A1BCE95B000EFEFAC /* Content.swift in Sources */,
			);
			runOnlyForDeploymentPostprocessing = 0;
		};
/* End PBXSourcesBuildPhase section */

/* Begin PBXVariantGroup section */
		D52AA44A1BCE955E00EFEFAC /* Main.storyboard */ = {
			isa = PBXVariantGroup;
			children = (
				D52AA44B1BCE955E00EFEFAC /* Base */,
			);
			name = Main.storyboard;
			sourceTree = "<group>";
		};
		D52AA44F1BCE955F00EFEFAC /* LaunchScreen.storyboard */ = {
			isa = PBXVariantGroup;
			children = (
				D52AA4501BCE955F00EFEFAC /* Base */,
			);
			name = LaunchScreen.storyboard;
			sourceTree = "<group>";
		};
/* End PBXVariantGroup section */

/* Begin XCBuildConfiguration section */
		D52AA4531BCE955F00EFEFAC /* Debug */ = {
			isa = XCBuildConfiguration;
			buildSettings = {
				ALWAYS_SEARCH_USER_PATHS = NO;
				CLANG_CXX_LANGUAGE_STANDARD = "gnu++0x";
				CLANG_CXX_LIBRARY = "libc++";
				CLANG_ENABLE_MODULES = YES;
				CLANG_ENABLE_OBJC_ARC = YES;
				CLANG_WARN_BOOL_CONVERSION = YES;
				CLANG_WARN_CONSTANT_CONVERSION = YES;
				CLANG_WARN_DIRECT_OBJC_ISA_USAGE = YES_ERROR;
				CLANG_WARN_EMPTY_BODY = YES;
				CLANG_WARN_ENUM_CONVERSION = YES;
				CLANG_WARN_INT_CONVERSION = YES;
				CLANG_WARN_OBJC_ROOT_CLASS = YES_ERROR;
				CLANG_WARN_UNREACHABLE_CODE = YES;
				CLANG_WARN__DUPLICATE_METHOD_MATCH = YES;
				"CODE_SIGN_IDENTITY[sdk=iphoneos*]" = "iPhone Developer";
				COPY_PHASE_STRIP = NO;
				DEBUG_INFORMATION_FORMAT = dwarf;
				ENABLE_STRICT_OBJC_MSGSEND = YES;
				ENABLE_TESTABILITY = YES;
				GCC_C_LANGUAGE_STANDARD = gnu99;
				GCC_DYNAMIC_NO_PIC = NO;
				GCC_NO_COMMON_BLOCKS = YES;
				GCC_OPTIMIZATION_LEVEL = 0;
				GCC_PREPROCESSOR_DEFINITIONS = (
					"DEBUG=1",
					"$(inherited)",
				);
				GCC_WARN_64_TO_32_BIT_CONVERSION = YES;
				GCC_WARN_ABOUT_RETURN_TYPE = YES_ERROR;
				GCC_WARN_UNDECLARED_SELECTOR = YES;
				GCC_WARN_UNINITIALIZED_AUTOS = YES_AGGRESSIVE;
				GCC_WARN_UNUSED_FUNCTION = YES;
				GCC_WARN_UNUSED_VARIABLE = YES;
				IPHONEOS_DEPLOYMENT_TARGET = 9.0;
				MTL_ENABLE_DEBUG_INFO = YES;
				ONLY_ACTIVE_ARCH = YES;
				SDKROOT = iphoneos;
				SWIFT_OPTIMIZATION_LEVEL = "-Onone";
			};
			name = Debug;
		};
		D52AA4541BCE955F00EFEFAC /* Release */ = {
			isa = XCBuildConfiguration;
			buildSettings = {
				ALWAYS_SEARCH_USER_PATHS = NO;
				CLANG_CXX_LANGUAGE_STANDARD = "gnu++0x";
				CLANG_CXX_LIBRARY = "libc++";
				CLANG_ENABLE_MODULES = YES;
				CLANG_ENABLE_OBJC_ARC = YES;
				CLANG_WARN_BOOL_CONVERSION = YES;
				CLANG_WARN_CONSTANT_CONVERSION = YES;
				CLANG_WARN_DIRECT_OBJC_ISA_USAGE = YES_ERROR;
				CLANG_WARN_EMPTY_BODY = YES;
				CLANG_WARN_ENUM_CONVERSION = YES;
				CLANG_WARN_INT_CONVERSION = YES;
				CLANG_WARN_OBJC_ROOT_CLASS = YES_ERROR;
				CLANG_WARN_UNREACHABLE_CODE = YES;
				CLANG_WARN__DUPLICATE_METHOD_MATCH = YES;
				"CODE_SIGN_IDENTITY[sdk=iphoneos*]" = "iPhone Developer";
				COPY_PHASE_STRIP = NO;
				DEBUG_INFORMATION_FORMAT = "dwarf-with-dsym";
				ENABLE_NS_ASSERTIONS = NO;
				ENABLE_STRICT_OBJC_MSGSEND = YES;
				GCC_C_LANGUAGE_STANDARD = gnu99;
				GCC_NO_COMMON_BLOCKS = YES;
				GCC_WARN_64_TO_32_BIT_CONVERSION = YES;
				GCC_WARN_ABOUT_RETURN_TYPE = YES_ERROR;
				GCC_WARN_UNDECLARED_SELECTOR = YES;
				GCC_WARN_UNINITIALIZED_AUTOS = YES_AGGRESSIVE;
				GCC_WARN_UNUSED_FUNCTION = YES;
				GCC_WARN_UNUSED_VARIABLE = YES;
				IPHONEOS_DEPLOYMENT_TARGET = 9.0;
				MTL_ENABLE_DEBUG_INFO = NO;
				SDKROOT = iphoneos;
				VALIDATE_PRODUCT = YES;
			};
			name = Release;
		};
		D52AA4561BCE955F00EFEFAC /* Debug */ = {
			isa = XCBuildConfiguration;
			baseConfigurationReference = C3138C61758C6AF61BBA637E /* Pods.debug.xcconfig */;
			buildSettings = {
				ASSETCATALOG_COMPILER_APPICON_NAME = AppIcon;
				INFOPLIST_FILE = Third/Info.plist;
				LD_RUNPATH_SEARCH_PATHS = "$(inherited) @executable_path/Frameworks";
				PRODUCT_BUNDLE_IDENTIFIER = ru.1appstudio.ios.Third;
				PRODUCT_NAME = "$(TARGET_NAME)";
			};
			name = Debug;
		};
		D52AA4571BCE955F00EFEFAC /* Release */ = {
			isa = XCBuildConfiguration;
			baseConfigurationReference = F09769C0328BE29711BC31D0 /* Pods.release.xcconfig */;
			buildSettings = {
				ASSETCATALOG_COMPILER_APPICON_NAME = AppIcon;
				INFOPLIST_FILE = Third/Info.plist;
				LD_RUNPATH_SEARCH_PATHS = "$(inherited) @executable_path/Frameworks";
				PRODUCT_BUNDLE_IDENTIFIER = ru.1appstudio.ios.Third;
				PRODUCT_NAME = "$(TARGET_NAME)";
			};
			name = Release;
		};
/* End XCBuildConfiguration section */

/* Begin XCConfigurationList section */
		D52AA43E1BCE955E00EFEFAC /* Build configuration list for PBXProject "Third" */ = {
			isa = XCConfigurationList;
			buildConfigurations = (
				D52AA4531BCE955F00EFEFAC /* Debug */,
				D52AA4541BCE955F00EFEFAC /* Release */,
			);
			defaultConfigurationIsVisible = 0;
			defaultConfigurationName = Release;
		};
		D52AA4551BCE955F00EFEFAC /* Build configuration list for PBXNativeTarget "Third" */ = {
			isa = XCConfigurationList;
			buildConfigurations = (
				D52AA4561BCE955F00EFEFAC /* Debug */,
				D52AA4571BCE955F00EFEFAC /* Release */,
			);
			defaultConfigurationIsVisible = 0;
			defaultConfigurationName = Release;
		};
/* End XCConfigurationList section */
	};
	rootObject = D52AA43B1BCE955E00EFEFAC /* Project object */;
}
